
Microsoft Visual Studio Solution File, Format Version 12.00
# Visual Studio Version 17
VisualStudioVersion = 17.14.36518.9
MinimumVisualStudioVersion = 10.0.40219.1
Project("{FAE04EC0-301F-11D3-BF4B-00C04F79EFBC}") = "stingray_feeder_app", "stingray_feeder_app.csproj", "{E72C038C-DC88-42C3-966F-E28C73B16CF9}"
EndProject
Global
	GlobalSection(SolutionConfigurationPlatforms) = preSolution
		Debug|Any CPU = Debug|Any CPU
		Release|Any CPU = Release|Any CPU
	EndGlobalSection
	GlobalSection(ProjectConfigurationPlatforms) = postSolution
		{E72C038C-DC88-42C3-966F-E28C73B16CF9}.Debug|Any CPU.ActiveCfg = Debug|Any CPU
		{E72C038C-DC88-42C3-966F-E28C73B16CF9}.Debug|Any CPU.Build.0 = Debug|Any CPU
		{E72C038C-DC88-42C3-966F-E28C73B16CF9}.Release|Any CPU.ActiveCfg = Release|Any CPU
		{E72C038C-DC88-42C3-966F-E28C73B16CF9}.Release|Any CPU.Build.0 = Release|Any CPU
	EndGlobalSection
	GlobalSection(SolutionProperties) = preSolution
		HideSolutionNode = FALSE
	EndGlobalSection
	GlobalSection(ExtensibilityGlobals) = postSolution
		SolutionGuid = {9EFA25B1-ED2C-4961-9A0A-E542FED350FF}
	EndGlobalSection
EndGlobal
